// !$*UTF8*$!
{
	archiveVersion = 1;
	classes = {
	};
	objectVersion = 56;
	objects = {

/* Begin PBXBuildFile section */
		2D13DF3C2B4FD6C4002BDDFA /* ScrumdingerApp.swift in Sources */ = {isa = PBXBuildFile; fileRef = 2D13DF3B2B4FD6C4002BDDFA /* ScrumdingerApp.swift */; };
		2D13DF3E2B4FD6C4002BDDFA /* MeetingView.swift in Sources */ = {isa = PBXBuildFile; fileRef = 2D13DF3D2B4FD6C4002BDDFA /* MeetingView.swift */; };
		2D13DF402B4FD6C5002BDDFA /* Assets.xcassets in Resources */ = {isa = PBXBuildFile; fileRef = 2D13DF3F2B4FD6C5002BDDFA /* Assets.xcassets */; };
		2D13DF432B4FD6C5002BDDFA /* Preview Assets.xcassets in Resources */ = {isa = PBXBuildFile; fileRef = 2D13DF422B4FD6C5002BDDFA /* Preview Assets.xcassets */; };
		A31D51622B51A6EA00B035CD /* Theme.swift in Sources */ = {isa = PBXBuildFile; fileRef = A31D51612B51A6EA00B035CD /* Theme.swift */; };
		A31D51642B51A9D800B035CD /* DailyScrum.swift in Sources */ = {isa = PBXBuildFile; fileRef = A31D51632B51A9D800B035CD /* DailyScrum.swift */; };
		A31D51662B51AB1500B035CD /* CardView.swift in Sources */ = {isa = PBXBuildFile; fileRef = A31D51652B51AB1500B035CD /* CardView.swift */; };
		A31D51682B51B07000B035CD /* TrailingIconLabelStyle.swift in Sources */ = {isa = PBXBuildFile; fileRef = A31D51672B51B07000B035CD /* TrailingIconLabelStyle.swift */; };
		A31D516A2B51B3BD00B035CD /* ScrumsView.swift in Sources */ = {isa = PBXBuildFile; fileRef = A31D51692B51B3BD00B035CD /* ScrumsView.swift */; };
		A3301CF42B5664F700C6894D /* SpeechRecognizer.swift in Sources */ = {isa = PBXBuildFile; fileRef = A3301CF32B5664F700C6894D /* SpeechRecognizer.swift */; };
		A3301CF62B566AFB00C6894D /* HistoryView.swift in Sources */ = {isa = PBXBuildFile; fileRef = A3301CF52B566AFB00C6894D /* HistoryView.swift */; };
		A3E343732B529C5100762898 /* DetailView.swift in Sources */ = {isa = PBXBuildFile; fileRef = A3E343722B529C5100762898 /* DetailView.swift */; };
		A3E343752B52C00400762898 /* DetailEditView.swift in Sources */ = {isa = PBXBuildFile; fileRef = A3E343742B52C00400762898 /* DetailEditView.swift */; };
		A3E343772B52D4B000762898 /* ThemeView.swift in Sources */ = {isa = PBXBuildFile; fileRef = A3E343762B52D4B000762898 /* ThemeView.swift */; };
		A3E343792B52D64000762898 /* ThemePickerView.swift in Sources */ = {isa = PBXBuildFile; fileRef = A3E343782B52D64000762898 /* ThemePickerView.swift */; };
		A3E3437B2B52F67500762898 /* MeetingHeaderView.swift in Sources */ = {isa = PBXBuildFile; fileRef = A3E3437A2B52F67500762898 /* MeetingHeaderView.swift */; };
		A3E343872B52FED100762898 /* ScrumProgressViewStyle.swift in Sources */ = {isa = PBXBuildFile; fileRef = A3E343862B52FED100762898 /* ScrumProgressViewStyle.swift */; };
		A3E343892B53D26A00762898 /* ScrumTimer.swift in Sources */ = {isa = PBXBuildFile; fileRef = A3E343882B53D26A00762898 /* ScrumTimer.swift */; };
		A3E3438B2B53D70800762898 /* MeetingFooterView.swift in Sources */ = {isa = PBXBuildFile; fileRef = A3E3438A2B53D70800762898 /* MeetingFooterView.swift */; };
		A3E3438D2B53DB5200762898 /* AVPlayer+Ding.swift in Sources */ = {isa = PBXBuildFile; fileRef = A3E3438C2B53DB5200762898 /* AVPlayer+Ding.swift */; };
		A3E343902B53DCA700762898 /* ding.wav in Resources */ = {isa = PBXBuildFile; fileRef = A3E3438F2B53DCA700762898 /* ding.wav */; };
		A3E343922B54168000762898 /* ScrumSheet.swift in Sources */ = {isa = PBXBuildFile; fileRef = A3E343912B54168000762898 /* ScrumSheet.swift */; };
		A3E343942B541AEF00762898 /* DetailSheet.swift in Sources */ = {isa = PBXBuildFile; fileRef = A3E343932B541AEF00762898 /* DetailSheet.swift */; };
		A3E343962B5426F800762898 /* History.swift in Sources */ = {isa = PBXBuildFile; fileRef = A3E343952B5426F800762898 /* History.swift */; };
		A3E343982B54632200762898 /* ScrumStore.swift in Sources */ = {isa = PBXBuildFile; fileRef = A3E343972B54632200762898 /* ScrumStore.swift */; };
		A3E3439A2B547EF600762898 /* ErrorWrapper.swift in Sources */ = {isa = PBXBuildFile; fileRef = A3E343992B547EF600762898 /* ErrorWrapper.swift */; };
		A3E3439C2B547F2500762898 /* ErrorView.swift in Sources */ = {isa = PBXBuildFile; fileRef = A3E3439B2B547F2500762898 /* ErrorView.swift */; };
		A3F0BE632B55C80100DA5D39 /* MeetingTimerView.swift in Sources */ = {isa = PBXBuildFile; fileRef = A3F0BE622B55C80100DA5D39 /* MeetingTimerView.swift */; };
		A3F0BE652B55CA6700DA5D39 /* SpeakerArc.swift in Sources */ = {isa = PBXBuildFile; fileRef = A3F0BE642B55CA6700DA5D39 /* SpeakerArc.swift */; };
/* End PBXBuildFile section */

/* Begin PBXFileReference section */
		2D13DF382B4FD6C4002BDDFA /* Scrumdinger.app */ = {isa = PBXFileReference; explicitFileType = wrapper.application; includeInIndex = 0; path = Scrumdinger.app; sourceTree = BUILT_PRODUCTS_DIR; };
		2D13DF3B2B4FD6C4002BDDFA /* ScrumdingerApp.swift */ = {isa = PBXFileReference; lastKnownFileType = sourcecode.swift; path = ScrumdingerApp.swift; sourceTree = "<group>"; };
		2D13DF3D2B4FD6C4002BDDFA /* MeetingView.swift */ = {isa = PBXFileReference; lastKnownFileType = sourcecode.swift; path = MeetingView.swift; sourceTree = "<group>"; };
		2D13DF3F2B4FD6C5002BDDFA /* Assets.xcassets */ = {isa = PBXFileReference; lastKnownFileType = folder.assetcatalog; path = Assets.xcassets; sourceTree = "<group>"; };
		2D13DF422B4FD6C5002BDDFA /* Preview Assets.xcassets */ = {isa = PBXFileReference; lastKnownFileType = folder.assetcatalog; path = "Preview Assets.xcassets"; sourceTree = "<group>"; };
		A31D51612B51A6EA00B035CD /* Theme.swift */ = {isa = PBXFileReference; lastKnownFileType = sourcecode.swift; path = Theme.swift; sourceTree = "<group>"; };
		A31D51632B51A9D800B035CD /* DailyScrum.swift */ = {isa = PBXFileReference; lastKnownFileType = sourcecode.swift; path = DailyScrum.swift; sourceTree = "<group>"; };
		A31D51652B51AB1500B035CD /* CardView.swift */ = {isa = PBXFileReference; lastKnownFileType = sourcecode.swift; path = CardView.swift; sourceTree = "<group>"; tabWidth = 4; };
		A31D51672B51B07000B035CD /* TrailingIconLabelStyle.swift */ = {isa = PBXFileReference; lastKnownFileType = sourcecode.swift; path = TrailingIconLabelStyle.swift; sourceTree = "<group>"; };
		A31D51692B51B3BD00B035CD /* ScrumsView.swift */ = {isa = PBXFileReference; lastKnownFileType = sourcecode.swift; path = ScrumsView.swift; sourceTree = "<group>"; };
		A3301CF32B5664F700C6894D /* SpeechRecognizer.swift */ = {isa = PBXFileReference; lastKnownFileType = sourcecode.swift; path = SpeechRecognizer.swift; sourceTree = "<group>"; };
		A3301CF52B566AFB00C6894D /* HistoryView.swift */ = {isa = PBXFileReference; lastKnownFileType = sourcecode.swift; path = HistoryView.swift; sourceTree = "<group>"; };
		A3E343722B529C5100762898 /* DetailView.swift */ = {isa = PBXFileReference; lastKnownFileType = sourcecode.swift; path = DetailView.swift; sourceTree = "<group>"; };
		A3E343742B52C00400762898 /* DetailEditView.swift */ = {isa = PBXFileReference; lastKnownFileType = sourcecode.swift; path = DetailEditView.swift; sourceTree = "<group>"; };
		A3E343762B52D4B000762898 /* ThemeView.swift */ = {isa = PBXFileReference; lastKnownFileType = sourcecode.swift; path = ThemeView.swift; sourceTree = "<group>"; };
		A3E343782B52D64000762898 /* ThemePickerView.swift */ = {isa = PBXFileReference; lastKnownFileType = sourcecode.swift; path = ThemePickerView.swift; sourceTree = "<group>"; };
		A3E3437A2B52F67500762898 /* MeetingHeaderView.swift */ = {isa = PBXFileReference; lastKnownFileType = sourcecode.swift; path = MeetingHeaderView.swift; sourceTree = "<group>"; };
		A3E343862B52FED100762898 /* ScrumProgressViewStyle.swift */ = {isa = PBXFileReference; lastKnownFileType = sourcecode.swift; path = ScrumProgressViewStyle.swift; sourceTree = "<group>"; };
		A3E343882B53D26A00762898 /* ScrumTimer.swift */ = {isa = PBXFileReference; lastKnownFileType = sourcecode.swift; path = ScrumTimer.swift; sourceTree = "<group>"; };
		A3E3438A2B53D70800762898 /* MeetingFooterView.swift */ = {isa = PBXFileReference; lastKnownFileType = sourcecode.swift; path = MeetingFooterView.swift; sourceTree = "<group>"; };
		A3E3438C2B53DB5200762898 /* AVPlayer+Ding.swift */ = {isa = PBXFileReference; lastKnownFileType = sourcecode.swift; path = "AVPlayer+Ding.swift"; sourceTree = "<group>"; };
		A3E3438F2B53DCA700762898 /* ding.wav */ = {isa = PBXFileReference; lastKnownFileType = audio.wav; path = ding.wav; sourceTree = "<group>"; };
		A3E343912B54168000762898 /* ScrumSheet.swift */ = {isa = PBXFileReference; lastKnownFileType = sourcecode.swift; path = ScrumSheet.swift; sourceTree = "<group>"; };
		A3E343932B541AEF00762898 /* DetailSheet.swift */ = {isa = PBXFileReference; lastKnownFileType = sourcecode.swift; path = DetailSheet.swift; sourceTree = "<group>"; };
		A3E343952B5426F800762898 /* History.swift */ = {isa = PBXFileReference; lastKnownFileType = sourcecode.swift; path = History.swift; sourceTree = "<group>"; };
		A3E343972B54632200762898 /* ScrumStore.swift */ = {isa = PBXFileReference; lastKnownFileType = sourcecode.swift; path = ScrumStore.swift; sourceTree = "<group>"; };
		A3E343992B547EF600762898 /* ErrorWrapper.swift */ = {isa = PBXFileReference; lastKnownFileType = sourcecode.swift; path = ErrorWrapper.swift; sourceTree = "<group>"; };
		A3E3439B2B547F2500762898 /* ErrorView.swift */ = {isa = PBXFileReference; lastKnownFileType = sourcecode.swift; path = ErrorView.swift; sourceTree = "<group>"; };
		A3F0BE622B55C80100DA5D39 /* MeetingTimerView.swift */ = {isa = PBXFileReference; lastKnownFileType = sourcecode.swift; path = MeetingTimerView.swift; sourceTree = "<group>"; };
		A3F0BE642B55CA6700DA5D39 /* SpeakerArc.swift */ = {isa = PBXFileReference; lastKnownFileType = sourcecode.swift; path = SpeakerArc.swift; sourceTree = "<group>"; };
/* End PBXFileReference section */

/* Begin PBXFrameworksBuildPhase section */
		2D13DF352B4FD6C4002BDDFA /* Frameworks */ = {
			isa = PBXFrameworksBuildPhase;
			buildActionMask = 2147483647;
			files = (
			);
			runOnlyForDeploymentPostprocessing = 0;
		};
/* End PBXFrameworksBuildPhase section */

/* Begin PBXGroup section */
		2D13DF2F2B4FD6C4002BDDFA = {
			isa = PBXGroup;
			children = (
				2D13DF3A2B4FD6C4002BDDFA /* Scrumdinger */,
				2D13DF392B4FD6C4002BDDFA /* Products */,
			);
			sourceTree = "<group>";
		};
		2D13DF392B4FD6C4002BDDFA /* Products */ = {
			isa = PBXGroup;
			children = (
				2D13DF382B4FD6C4002BDDFA /* Scrumdinger.app */,
			);
			name = Products;
			sourceTree = "<group>";
		};
		2D13DF3A2B4FD6C4002BDDFA /* Scrumdinger */ = {
			isa = PBXGroup;
			children = (
				2D13DF3B2B4FD6C4002BDDFA /* ScrumdingerApp.swift */,
				A3E3438E2B53DC7800762898 /* Resources */,
				A3E343712B52950C00762898 /* Views */,
				A31D51602B51A6BB00B035CD /* Models */,
				2D13DF3F2B4FD6C5002BDDFA /* Assets.xcassets */,
				2D13DF412B4FD6C5002BDDFA /* Preview Content */,
			);
			path = Scrumdinger;
			sourceTree = "<group>";
		};
		2D13DF412B4FD6C5002BDDFA /* Preview Content */ = {
			isa = PBXGroup;
			children = (
				2D13DF422B4FD6C5002BDDFA /* Preview Assets.xcassets */,
			);
			path = "Preview Content";
			sourceTree = "<group>";
		};
		A31D51602B51A6BB00B035CD /* Models */ = {
			isa = PBXGroup;
			children = (
				A3E3438C2B53DB5200762898 /* AVPlayer+Ding.swift */,
				A31D51632B51A9D800B035CD /* DailyScrum.swift */,
				A3E343992B547EF600762898 /* ErrorWrapper.swift */,
				A3E343952B5426F800762898 /* History.swift */,
				A3E343972B54632200762898 /* ScrumStore.swift */,
				A3E343882B53D26A00762898 /* ScrumTimer.swift */,
				A31D51612B51A6EA00B035CD /* Theme.swift */,
				A3301CF32B5664F700C6894D /* SpeechRecognizer.swift */,
			);
			path = Models;
			sourceTree = "<group>";
		};
		A3E343712B52950C00762898 /* Views */ = {
			isa = PBXGroup;
			children = (
				A31D51652B51AB1500B035CD /* CardView.swift */,
				A3E343742B52C00400762898 /* DetailEditView.swift */,
				A3E343932B541AEF00762898 /* DetailSheet.swift */,
				A3E343722B529C5100762898 /* DetailView.swift */,
				A3E3439B2B547F2500762898 /* ErrorView.swift */,
				A3E3438A2B53D70800762898 /* MeetingFooterView.swift */,
				A3E3437A2B52F67500762898 /* MeetingHeaderView.swift */,
				A3F0BE622B55C80100DA5D39 /* MeetingTimerView.swift */,
				2D13DF3D2B4FD6C4002BDDFA /* MeetingView.swift */,
				A3E343862B52FED100762898 /* ScrumProgressViewStyle.swift */,
				A3E343912B54168000762898 /* ScrumSheet.swift */,
				A31D51692B51B3BD00B035CD /* ScrumsView.swift */,
				A3F0BE642B55CA6700DA5D39 /* SpeakerArc.swift */,
				A3E343782B52D64000762898 /* ThemePickerView.swift */,
				A3E343762B52D4B000762898 /* ThemeView.swift */,
				A31D51672B51B07000B035CD /* TrailingIconLabelStyle.swift */,
				A3301CF52B566AFB00C6894D /* HistoryView.swift */,
			);
			path = Views;
			sourceTree = "<group>";
		};
		A3E3438E2B53DC7800762898 /* Resources */ = {
			isa = PBXGroup;
			children = (
				A3E3438F2B53DCA700762898 /* ding.wav */,
			);
			path = Resources;
			sourceTree = "<group>";
		};
/* End PBXGroup section */

/* Begin PBXNativeTarget section */
		2D13DF372B4FD6C4002BDDFA /* Scrumdinger */ = {
			isa = PBXNativeTarget;
			buildConfigurationList = 2D13DF462B4FD6C5002BDDFA /* Build configuration list for PBXNativeTarget "Scrumdinger" */;
			buildPhases = (
				2D13DF342B4FD6C4002BDDFA /* Sources */,
				2D13DF352B4FD6C4002BDDFA /* Frameworks */,
				2D13DF362B4FD6C4002BDDFA /* Resources */,
			);
			buildRules = (
			);
			dependencies = (
			);
			name = Scrumdinger;
			productName = Scrumdinger;
			productReference = 2D13DF382B4FD6C4002BDDFA /* Scrumdinger.app */;
			productType = "com.apple.product-type.application";
		};
/* End PBXNativeTarget section */

/* Begin PBXProject section */
		2D13DF302B4FD6C4002BDDFA /* Project object */ = {
			isa = PBXProject;
			attributes = {
				BuildIndependentTargetsInParallel = 1;
				LastSwiftUpdateCheck = 1510;
				LastUpgradeCheck = 1510;
				TargetAttributes = {
					2D13DF372B4FD6C4002BDDFA = {
						CreatedOnToolsVersion = 15.1;
					};
				};
			};
			buildConfigurationList = 2D13DF332B4FD6C4002BDDFA /* Build configuration list for PBXProject "Scrumdinger" */;
			compatibilityVersion = "Xcode 14.0";
			developmentRegion = en;
			hasScannedForEncodings = 0;
			knownRegions = (
				en,
				Base,
			);
			mainGroup = 2D13DF2F2B4FD6C4002BDDFA;
			productRefGroup = 2D13DF392B4FD6C4002BDDFA /* Products */;
			projectDirPath = "";
			projectRoot = "";
			targets = (
				2D13DF372B4FD6C4002BDDFA /* Scrumdinger */,
			);
		};
/* End PBXProject section */

/* Begin PBXResourcesBuildPhase section */
		2D13DF362B4FD6C4002BDDFA /* Resources */ = {
			isa = PBXResourcesBuildPhase;
			buildActionMask = 2147483647;
			files = (
				A3E343902B53DCA700762898 /* ding.wav in Resources */,
				2D13DF432B4FD6C5002BDDFA /* Preview Assets.xcassets in Resources */,
				2D13DF402B4FD6C5002BDDFA /* Assets.xcassets in Resources */,
			);
			runOnlyForDeploymentPostprocessing = 0;
		};
/* End PBXResourcesBuildPhase section */

/* Begin PBXSourcesBuildPhase section */
		2D13DF342B4FD6C4002BDDFA /* Sources */ = {
			isa = PBXSourcesBuildPhase;
			buildActionMask = 2147483647;
			files = (
				A31D51642B51A9D800B035CD /* DailyScrum.swift in Sources */,
				A3E343872B52FED100762898 /* ScrumProgressViewStyle.swift in Sources */,
				A3E343982B54632200762898 /* ScrumStore.swift in Sources */,
				A3E343962B5426F800762898 /* History.swift in Sources */,
				A3E3438B2B53D70800762898 /* MeetingFooterView.swift in Sources */,
				A3E343892B53D26A00762898 /* ScrumTimer.swift in Sources */,
				A3E343732B529C5100762898 /* DetailView.swift in Sources */,
				A3E343752B52C00400762898 /* DetailEditView.swift in Sources */,
				A3E3437B2B52F67500762898 /* MeetingHeaderView.swift in Sources */,
				A31D51622B51A6EA00B035CD /* Theme.swift in Sources */,
				A3301CF42B5664F700C6894D /* SpeechRecognizer.swift in Sources */,
				A3E343942B541AEF00762898 /* DetailSheet.swift in Sources */,
				2D13DF3E2B4FD6C4002BDDFA /* MeetingView.swift in Sources */,
				A3F0BE652B55CA6700DA5D39 /* SpeakerArc.swift in Sources */,
				A3E343792B52D64000762898 /* ThemePickerView.swift in Sources */,
				A31D516A2B51B3BD00B035CD /* ScrumsView.swift in Sources */,
				A3F0BE632B55C80100DA5D39 /* MeetingTimerView.swift in Sources */,
				A3301CF62B566AFB00C6894D /* HistoryView.swift in Sources */,
				2D13DF3C2B4FD6C4002BDDFA /* ScrumdingerApp.swift in Sources */,
				A3E3439A2B547EF600762898 /* ErrorWrapper.swift in Sources */,
				A31D51682B51B07000B035CD /* TrailingIconLabelStyle.swift in Sources */,
				A3E343922B54168000762898 /* ScrumSheet.swift in Sources */,
				A3E343772B52D4B000762898 /* ThemeView.swift in Sources */,
				A31D51662B51AB1500B035CD /* CardView.swift in Sources */,
				A3E3438D2B53DB5200762898 /* AVPlayer+Ding.swift in Sources */,
				A3E3439C2B547F2500762898 /* ErrorView.swift in Sources */,
			);
			runOnlyForDeploymentPostprocessing = 0;
		};
/* End PBXSourcesBuildPhase section */

/* Begin XCBuildConfiguration section */
		2D13DF442B4FD6C5002BDDFA /* Debug */ = {
			isa = XCBuildConfiguration;
			buildSettings = {
				ALWAYS_SEARCH_USER_PATHS = NO;
				ASSETCATALOG_COMPILER_GENERATE_SWIFT_ASSET_SYMBOL_EXTENSIONS = YES;
				CLANG_ANALYZER_NONNULL = YES;
				CLANG_ANALYZER_NUMBER_OBJECT_CONVERSION = YES_AGGRESSIVE;
				CLANG_CXX_LANGUAGE_STANDARD = "gnu++20";
				CLANG_ENABLE_MODULES = YES;
				CLANG_ENABLE_OBJC_ARC = YES;
				CLANG_ENABLE_OBJC_WEAK = YES;
				CLANG_WARN_BLOCK_CAPTURE_AUTORELEASING = YES;
				CLANG_WARN_BOOL_CONVERSION = YES;
				CLANG_WARN_COMMA = YES;
				CLANG_WARN_CONSTANT_CONVERSION = YES;
				CLANG_WARN_DEPRECATED_OBJC_IMPLEMENTATIONS = YES;
				CLANG_WARN_DIRECT_OBJC_ISA_USAGE = YES_ERROR;
				CLANG_WARN_DOCUMENTATION_COMMENTS = YES;
				CLANG_WARN_EMPTY_BODY = YES;
				CLANG_WARN_ENUM_CONVERSION = YES;
				CLANG_WARN_INFINITE_RECURSION = YES;
				CLANG_WARN_INT_CONVERSION = YES;
				CLANG_WARN_NON_LITERAL_NULL_CONVERSION = YES;
				CLANG_WARN_OBJC_IMPLICIT_RETAIN_SELF = YES;
				CLANG_WARN_OBJC_LITERAL_CONVERSION = YES;
				CLANG_WARN_OBJC_ROOT_CLASS = YES_ERROR;
				CLANG_WARN_QUOTED_INCLUDE_IN_FRAMEWORK_HEADER = YES;
				CLANG_WARN_RANGE_LOOP_ANALYSIS = YES;
				CLANG_WARN_STRICT_PROTOTYPES = YES;
				CLANG_WARN_SUSPICIOUS_MOVE = YES;
				CLANG_WARN_UNGUARDED_AVAILABILITY = YES_AGGRESSIVE;
				CLANG_WARN_UNREACHABLE_CODE = YES;
				CLANG_WARN__DUPLICATE_METHOD_MATCH = YES;
				COPY_PHASE_STRIP = NO;
				DEBUG_INFORMATION_FORMAT = dwarf;
				ENABLE_STRICT_OBJC_MSGSEND = YES;
				ENABLE_TESTABILITY = YES;
				ENABLE_USER_SCRIPT_SANDBOXING = YES;
				GCC_C_LANGUAGE_STANDARD = gnu17;
				GCC_DYNAMIC_NO_PIC = NO;
				GCC_NO_COMMON_BLOCKS = YES;
				GCC_OPTIMIZATION_LEVEL = 0;
				GCC_PREPROCESSOR_DEFINITIONS = (
					"DEBUG=1",
					"$(inherited)",
				);
				GCC_WARN_64_TO_32_BIT_CONVERSION = YES;
				GCC_WARN_ABOUT_RETURN_TYPE = YES_ERROR;
				GCC_WARN_UNDECLARED_SELECTOR = YES;
				GCC_WARN_UNINITIALIZED_AUTOS = YES_AGGRESSIVE;
				GCC_WARN_UNUSED_FUNCTION = YES;
				GCC_WARN_UNUSED_VARIABLE = YES;
				IPHONEOS_DEPLOYMENT_TARGET = 17.2;
				LOCALIZATION_PREFERS_STRING_CATALOGS = YES;
				MTL_ENABLE_DEBUG_INFO = INCLUDE_SOURCE;
				MTL_FAST_MATH = YES;
				ONLY_ACTIVE_ARCH = YES;
				SDKROOT = iphoneos;
				SWIFT_ACTIVE_COMPILATION_CONDITIONS = "DEBUG $(inherited)";
				SWIFT_OPTIMIZATION_LEVEL = "-Onone";
			};
			name = Debug;
		};
		2D13DF452B4FD6C5002BDDFA /* Release */ = {
			isa = XCBuildConfiguration;
			buildSettings = {
				ALWAYS_SEARCH_USER_PATHS = NO;
				ASSETCATALOG_COMPILER_GENERATE_SWIFT_ASSET_SYMBOL_EXTENSIONS = YES;
				CLANG_ANALYZER_NONNULL = YES;
				CLANG_ANALYZER_NUMBER_OBJECT_CONVERSION = YES_AGGRESSIVE;
				CLANG_CXX_LANGUAGE_STANDARD = "gnu++20";
				CLANG_ENABLE_MODULES = YES;
				CLANG_ENABLE_OBJC_ARC = YES;
				CLANG_ENABLE_OBJC_WEAK = YES;
				CLANG_WARN_BLOCK_CAPTURE_AUTORELEASING = YES;
				CLANG_WARN_BOOL_CONVERSION = YES;
				CLANG_WARN_COMMA = YES;
				CLANG_WARN_CONSTANT_CONVERSION = YES;
				CLANG_WARN_DEPRECATED_OBJC_IMPLEMENTATIONS = YES;
				CLANG_WARN_DIRECT_OBJC_ISA_USAGE = YES_ERROR;
				CLANG_WARN_DOCUMENTATION_COMMENTS = YES;
				CLANG_WARN_EMPTY_BODY = YES;
				CLANG_WARN_ENUM_CONVERSION = YES;
				CLANG_WARN_INFINITE_RECURSION = YES;
				CLANG_WARN_INT_CONVERSION = YES;
				CLANG_WARN_NON_LITERAL_NULL_CONVERSION = YES;
				CLANG_WARN_OBJC_IMPLICIT_RETAIN_SELF = YES;
				CLANG_WARN_OBJC_LITERAL_CONVERSION = YES;
				CLANG_WARN_OBJC_ROOT_CLASS = YES_ERROR;
				CLANG_WARN_QUOTED_INCLUDE_IN_FRAMEWORK_HEADER = YES;
				CLANG_WARN_RANGE_LOOP_ANALYSIS = YES;
				CLANG_WARN_STRICT_PROTOTYPES = YES;
				CLANG_WARN_SUSPICIOUS_MOVE = YES;
				CLANG_WARN_UNGUARDED_AVAILABILITY = YES_AGGRESSIVE;
				CLANG_WARN_UNREACHABLE_CODE = YES;
				CLANG_WARN__DUPLICATE_METHOD_MATCH = YES;
				COPY_PHASE_STRIP = NO;
				DEBUG_INFORMATION_FORMAT = "dwarf-with-dsym";
				ENABLE_NS_ASSERTIONS = NO;
				ENABLE_STRICT_OBJC_MSGSEND = YES;
				ENABLE_USER_SCRIPT_SANDBOXING = YES;
				GCC_C_LANGUAGE_STANDARD = gnu17;
				GCC_NO_COMMON_BLOCKS = YES;
				GCC_WARN_64_TO_32_BIT_CONVERSION = YES;
				GCC_WARN_ABOUT_RETURN_TYPE = YES_ERROR;
				GCC_WARN_UNDECLARED_SELECTOR = YES;
				GCC_WARN_UNINITIALIZED_AUTOS = YES_AGGRESSIVE;
				GCC_WARN_UNUSED_FUNCTION = YES;
				GCC_WARN_UNUSED_VARIABLE = YES;
				IPHONEOS_DEPLOYMENT_TARGET = 17.2;
				LOCALIZATION_PREFERS_STRING_CATALOGS = YES;
				MTL_ENABLE_DEBUG_INFO = NO;
				MTL_FAST_MATH = YES;
				SDKROOT = iphoneos;
				SWIFT_COMPILATION_MODE = wholemodule;
				VALIDATE_PRODUCT = YES;
			};
			name = Release;
		};
		2D13DF472B4FD6C5002BDDFA /* Debug */ = {
			isa = XCBuildConfiguration;
			buildSettings = {
				ASSETCATALOG_COMPILER_APPICON_NAME = AppIcon;
				ASSETCATALOG_COMPILER_GLOBAL_ACCENT_COLOR_NAME = AccentColor;
				CODE_SIGN_STYLE = Automatic;
				CURRENT_PROJECT_VERSION = 1;
				DEVELOPMENT_ASSET_PATHS = "\"Scrumdinger/Preview Content\"";
				DEVELOPMENT_TEAM = 23S4Y64S3D;
				ENABLE_PREVIEWS = YES;
				GENERATE_INFOPLIST_FILE = YES;
				INFOPLIST_KEY_NSMicrophoneUsageDescription = "Audio is recorded to transcribe the meeting. Audio recordings are discarded after transcription.";
				INFOPLIST_KEY_NSSpeechRecognitionUsageDescription = "You can view a text transcription of your meeting in the app.";
				INFOPLIST_KEY_UIApplicationSceneManifest_Generation = YES;
				INFOPLIST_KEY_UIApplicationSupportsIndirectInputEvents = YES;
				INFOPLIST_KEY_UILaunchScreen_Generation = YES;
				INFOPLIST_KEY_UISupportedInterfaceOrientations_iPad = "UIInterfaceOrientationPortrait UIInterfaceOrientationPortraitUpsideDown UIInterfaceOrientationLandscapeLeft UIInterfaceOrientationLandscapeRight";
				INFOPLIST_KEY_UISupportedInterfaceOrientations_iPhone = "UIInterfaceOrientationPortrait UIInterfaceOrientationLandscapeLeft UIInterfaceOrientationLandscapeRight";
				LD_RUNPATH_SEARCH_PATHS = (
					"$(inherited)",
					"@executable_path/Frameworks",
				);
				MARKETING_VERSION = 1.0;
				PRODUCT_BUNDLE_IDENTIFIER = vonvon.Scrumdinger;
				PRODUCT_NAME = "$(TARGET_NAME)";
				SWIFT_EMIT_LOC_STRINGS = YES;
				SWIFT_VERSION = 5.0;
				TARGETED_DEVICE_FAMILY = "1,2";
			};
			name = Debug;
		};
		2D13DF482B4FD6C5002BDDFA /* Release */ = {
			isa = XCBuildConfiguration;
			buildSettings = {
				ASSETCATALOG_COMPILER_APPICON_NAME = AppIcon;
				ASSETCATALOG_COMPILER_GLOBAL_ACCENT_COLOR_NAME = AccentColor;
				CODE_SIGN_STYLE = Automatic;
				CURRENT_PROJECT_VERSION = 1;
				DEVELOPMENT_ASSET_PATHS = "\"Scrumdinger/Preview Content\"";
				DEVELOPMENT_TEAM = 23S4Y64S3D;
				ENABLE_PREVIEWS = YES;
				GENERATE_INFOPLIST_FILE = YES;
				INFOPLIST_KEY_NSMicrophoneUsageDescription = "Audio is recorded to transcribe the meeting. Audio recordings are discarded after transcription.";
				INFOPLIST_KEY_NSSpeechRecognitionUsageDescription = "You can view a text transcription of your meeting in the app.";
				INFOPLIST_KEY_UIApplicationSceneManifest_Generation = YES;
				INFOPLIST_KEY_UIApplicationSupportsIndirectInputEvents = YES;
				INFOPLIST_KEY_UILaunchScreen_Generation = YES;
				INFOPLIST_KEY_UISupportedInterfaceOrientations_iPad = "UIInterfaceOrientationPortrait UIInterfaceOrientationPortraitUpsideDown UIInterfaceOrientationLandscapeLeft UIInterfaceOrientationLandscapeRight";
				INFOPLIST_KEY_UISupportedInterfaceOrientations_iPhone = "UIInterfaceOrientationPortrait UIInterfaceOrientationLandscapeLeft UIInterfaceOrientationLandscapeRight";
				LD_RUNPATH_SEARCH_PATHS = (
					"$(inherited)",
					"@executable_path/Frameworks",
				);
				MARKETING_VERSION = 1.0;
				PRODUCT_BUNDLE_IDENTIFIER = vonvon.Scrumdinger;
				PRODUCT_NAME = "$(TARGET_NAME)";
				SWIFT_EMIT_LOC_STRINGS = YES;
				SWIFT_VERSION = 5.0;
				TARGETED_DEVICE_FAMILY = "1,2";
			};
			name = Release;
		};
/* End XCBuildConfiguration section */

/* Begin XCConfigurationList section */
		2D13DF332B4FD6C4002BDDFA /* Build configuration list for PBXProject "Scrumdinger" */ = {
			isa = XCConfigurationList;
			buildConfigurations = (
				2D13DF442B4FD6C5002BDDFA /* Debug */,
				2D13DF452B4FD6C5002BDDFA /* Release */,
			);
			defaultConfigurationIsVisible = 0;
			defaultConfigurationName = Release;
		};
		2D13DF462B4FD6C5002BDDFA /* Build configuration list for PBXNativeTarget "Scrumdinger" */ = {
			isa = XCConfigurationList;
			buildConfigurations = (
				2D13DF472B4FD6C5002BDDFA /* Debug */,
				2D13DF482B4FD6C5002BDDFA /* Release */,
			);
			defaultConfigurationIsVisible = 0;
			defaultConfigurationName = Release;
		};
/* End XCConfigurationList section */
	};
	rootObject = 2D13DF302B4FD6C4002BDDFA /* Project object */;
}
